
Microsoft Visual Studio Solution File, Format Version 12.00
# Visual Studio Version 17
VisualStudioVersion = 17.7.34202.233
MinimumVisualStudioVersion = 10.0.40219.1
Project("{FAE04EC0-301F-11D3-BF4B-00C04F79EFBC}") = "Çiftmi Tekmi", "Çiftmi Tekmi\Çiftmi Tekmi.csproj", "{A850B8E5-F216-4935-9B0A-E3D3BC8F9B7C}"
EndProject
Project("{FAE04EC0-301F-11D3-BF4B-00C04F79EFBC}") = "Kilo Boy İndeksi", "Kilo Boy İndeksi\Kilo Boy İndeksi.csproj", "{99D2C74E-8DD1-467B-89D0-4F4112F7C8E6}"
EndProject
Project("{FAE04EC0-301F-11D3-BF4B-00C04F79EFBC}") = "Ses Seviyesi", "Ses Seviyesi\Ses Seviyesi.csproj", "{234D5C43-3A51-417C-99FB-ACBA7924D97E}"
EndProject
Project("{FAE04EC0-301F-11D3-BF4B-00C04F79EFBC}") = "Harf Seslimi Sessizmi", "Harf Seslimi Sessizmi\Harf Seslimi Sessizmi.csproj", "{1E79DA2C-B879-42A3-AAE1-55A6A973C2B8}"
EndProject
Project("{FAE04EC0-301F-11D3-BF4B-00C04F79EFBC}") = "Alfabedeki Kaçıncı Harf", "Alfabedeki Kaçıncı Harf\Alfabedeki Kaçıncı Harf.csproj", "{E659455E-0EDE-462D-AB34-E9BEFA9578C5}"
EndProject
Global
	GlobalSection(SolutionConfigurationPlatforms) = preSolution
		Debug|Any CPU = Debug|Any CPU
		Release|Any CPU = Release|Any CPU
	EndGlobalSection
	GlobalSection(ProjectConfigurationPlatforms) = postSolution
		{A850B8E5-F216-4935-9B0A-E3D3BC8F9B7C}.Debug|Any CPU.ActiveCfg = Debug|Any CPU
		{A850B8E5-F216-4935-9B0A-E3D3BC8F9B7C}.Debug|Any CPU.Build.0 = Debug|Any CPU
		{A850B8E5-F216-4935-9B0A-E3D3BC8F9B7C}.Release|Any CPU.ActiveCfg = Release|Any CPU
		{A850B8E5-F216-4935-9B0A-E3D3BC8F9B7C}.Release|Any CPU.Build.0 = Release|Any CPU
		{99D2C74E-8DD1-467B-89D0-4F4112F7C8E6}.Debug|Any CPU.ActiveCfg = Debug|Any CPU
		{99D2C74E-8DD1-467B-89D0-4F4112F7C8E6}.Debug|Any CPU.Build.0 = Debug|Any CPU
		{99D2C74E-8DD1-467B-89D0-4F4112F7C8E6}.Release|Any CPU.ActiveCfg = Release|Any CPU
		{99D2C74E-8DD1-467B-89D0-4F4112F7C8E6}.Release|Any CPU.Build.0 = Release|Any CPU
		{234D5C43-3A51-417C-99FB-ACBA7924D97E}.Debug|Any CPU.ActiveCfg = Debug|Any CPU
		{234D5C43-3A51-417C-99FB-ACBA7924D97E}.Debug|Any CPU.Build.0 = Debug|Any CPU
		{234D5C43-3A51-417C-99FB-ACBA7924D97E}.Release|Any CPU.ActiveCfg = Release|Any CPU
		{234D5C43-3A51-417C-99FB-ACBA7924D97E}.Release|Any CPU.Build.0 = Release|Any CPU
		{1E79DA2C-B879-42A3-AAE1-55A6A973C2B8}.Debug|Any CPU.ActiveCfg = Debug|Any CPU
		{1E79DA2C-B879-42A3-AAE1-55A6A973C2B8}.Debug|Any CPU.Build.0 = Debug|Any CPU
		{1E79DA2C-B879-42A3-AAE1-55A6A973C2B8}.Release|Any CPU.ActiveCfg = Release|Any CPU
		{1E79DA2C-B879-42A3-AAE1-55A6A973C2B8}.Release|Any CPU.Build.0 = Release|Any CPU
		{E659455E-0EDE-462D-AB34-E9BEFA9578C5}.Debug|Any CPU.ActiveCfg = Debug|Any CPU
		{E659455E-0EDE-462D-AB34-E9BEFA9578C5}.Debug|Any CPU.Build.0 = Debug|Any CPU
		{E659455E-0EDE-462D-AB34-E9BEFA9578C5}.Release|Any CPU.ActiveCfg = Release|Any CPU
		{E659455E-0EDE-462D-AB34-E9BEFA9578C5}.Release|Any CPU.Build.0 = Release|Any CPU
	EndGlobalSection
	GlobalSection(SolutionProperties) = preSolution
		HideSolutionNode = FALSE
	EndGlobalSection
	GlobalSection(ExtensibilityGlobals) = postSolution
		SolutionGuid = {43B54676-50E2-4FBC-A32A-EB4576022E2C}
	EndGlobalSection
EndGlobal
